
Microsoft Visual Studio Solution File, Format Version 12.00
# Visual Studio 15
VisualStudioVersion = 15.0.28307.1831
MinimumVisualStudioVersion = 10.0.40219.1
Project("{FAE04EC0-301F-11D3-BF4B-00C04F79EFBC}") = "ProductsApp", "ProductsApp\ProductsApp.csproj", "{7972CC70-BC77-4A46-99D1-F8A22AE56DF1}"
EndProject
Project("{FAE04EC0-301F-11D3-BF4B-00C04F79EFBC}") = "ProductsApp.Tests", "StoreApp.Tests\ProductsApp.Tests.csproj", "{10A0B7E8-23A7-43E5-B6E5-7E12A8C056E7}"
EndProject
Global
	GlobalSection(SolutionConfigurationPlatforms) = preSolution
		Debug|Any CPU = Debug|Any CPU
		Release|Any CPU = Release|Any CPU
	EndGlobalSection
	GlobalSection(ProjectConfigurationPlatforms) = postSolution
		{7972CC70-BC77-4A46-99D1-F8A22AE56DF1}.Debug|Any CPU.ActiveCfg = Debug|Any CPU
		{7972CC70-BC77-4A46-99D1-F8A22AE56DF1}.Debug|Any CPU.Build.0 = Debug|Any CPU
		{7972CC70-BC77-4A46-99D1-F8A22AE56DF1}.Release|Any CPU.ActiveCfg = Release|Any CPU
		{7972CC70-BC77-4A46-99D1-F8A22AE56DF1}.Release|Any CPU.Build.0 = Release|Any CPU
		{10A0B7E8-23A7-43E5-B6E5-7E12A8C056E7}.Debug|Any CPU.ActiveCfg = Debug|Any CPU
		{10A0B7E8-23A7-43E5-B6E5-7E12A8C056E7}.Debug|Any CPU.Build.0 = Debug|Any CPU
		{10A0B7E8-23A7-43E5-B6E5-7E12A8C056E7}.Release|Any CPU.ActiveCfg = Release|Any CPU
		{10A0B7E8-23A7-43E5-B6E5-7E12A8C056E7}.Release|Any CPU.Build.0 = Release|Any CPU
	EndGlobalSection
	GlobalSection(SolutionProperties) = preSolution
		HideSolutionNode = FALSE
	EndGlobalSection
	GlobalSection(ExtensibilityGlobals) = postSolution
		SolutionGuid = {B24A4A20-9AB5-4E9F-9B1A-840F3B2F2C4D}
	EndGlobalSection
EndGlobal
